
Microsoft Visual Studio Solution File, Format Version 12.00
# Visual Studio Version 17
VisualStudioVersion = 17.14.36811.4 d17.14
MinimumVisualStudioVersion = 10.0.40219.1
Project("{FAE04EC0-301F-11D3-BF4B-00C04F79EFBC}") = "BedirKeskin", "BedirKeskin\BedirKeskin.csproj", "{C2F83D49-DBDD-4EA7-BD3C-1B955E184965}"
EndProject
Global
	GlobalSection(SolutionConfigurationPlatforms) = preSolution
		Debug|Any CPU = Debug|Any CPU
		Release|Any CPU = Release|Any CPU
	EndGlobalSection
	GlobalSection(ProjectConfigurationPlatforms) = postSolution
		{C2F83D49-DBDD-4EA7-BD3C-1B955E184965}.Debug|Any CPU.ActiveCfg = Debug|Any CPU
		{C2F83D49-DBDD-4EA7-BD3C-1B955E184965}.Debug|Any CPU.Build.0 = Debug|Any CPU
		{C2F83D49-DBDD-4EA7-BD3C-1B955E184965}.Release|Any CPU.ActiveCfg = Release|Any CPU
		{C2F83D49-DBDD-4EA7-BD3C-1B955E184965}.Release|Any CPU.Build.0 = Release|Any CPU
	EndGlobalSection
	GlobalSection(SolutionProperties) = preSolution
		HideSolutionNode = FALSE
	EndGlobalSection
	GlobalSection(ExtensibilityGlobals) = postSolution
		SolutionGuid = {0B58F4D4-1B27-4C92-BBE6-9D444875DF15}
	EndGlobalSection
EndGlobal
